
Microsoft Visual Studio Solution File, Format Version 12.00
# Visual Studio 15
VisualStudioVersion = 15.0.27130.2010
MinimumVisualStudioVersion = 10.0.40219.1
Project("{8BC9CEB8-8B4A-11D0-8D11-00A0C91BC942}") = "OOP", "OOP\OOP.vcxproj", "{F594127E-1AD9-490E-AF14-B84FA22EF6EF}"
EndProject
Global
	GlobalSection(SolutionConfigurationPlatforms) = preSolution
		Debug|x64 = Debug|x64
		Debug|x86 = Debug|x86
		Release|x64 = Release|x64
		Release|x86 = Release|x86
	EndGlobalSection
	GlobalSection(ProjectConfigurationPlatforms) = postSolution
		{F594127E-1AD9-490E-AF14-B84FA22EF6EF}.Debug|x64.ActiveCfg = Debug|x64
		{F594127E-1AD9-490E-AF14-B84FA22EF6EF}.Debug|x64.Build.0 = Debug|x64
		{F594127E-1AD9-490E-AF14-B84FA22EF6EF}.Debug|x86.ActiveCfg = Debug|Win32
		{F594127E-1AD9-490E-AF14-B84FA22EF6EF}.Debug|x86.Build.0 = Debug|Win32
		{F594127E-1AD9-490E-AF14-B84FA22EF6EF}.Release|x64.ActiveCfg = Release|x64
		{F594127E-1AD9-490E-AF14-B84FA22EF6EF}.Release|x64.Build.0 = Release|x64
		{F594127E-1AD9-490E-AF14-B84FA22EF6EF}.Release|x86.ActiveCfg = Release|Win32
		{F594127E-1AD9-490E-AF14-B84FA22EF6EF}.Release|x86.Build.0 = Release|Win32
	EndGlobalSection
	GlobalSection(SolutionProperties) = preSolution
		HideSolutionNode = FALSE
	EndGlobalSection
	GlobalSection(ExtensibilityGlobals) = postSolution
		SolutionGuid = {C60A99E8-96E8-46C3-9A5F-53626CA1F1EB}
	EndGlobalSection
EndGlobal
