<?xml version="1.0" encoding="utf-8"?>
<Project ToolsVersion="4.0" xmlns="http://schemas.microsoft.com/developer/msbuild/2003">
  <ItemGroup>
    <Filter Include="Исходные файлы">
      <UniqueIdentifier>{4FC737F1-C7A5-4376-A066-2A32D752A2FF}</UniqueIdentifier>
      <Extensions>cpp;c;cc;cxx;def;odl;idl;hpj;bat;asm;asmx</Extensions>
    </Filter>
    <Filter Include="Файлы заголовков">
      <UniqueIdentifier>{93995380-89BD-4b04-88EB-625FBE52EBFB}</UniqueIdentifier>
      <Extensions>h;hh;hpp;hxx;hm;inl;inc;xsd</Extensions>
    </Filter>
    <Filter Include="Файлы ресурсов">
      <UniqueIdentifier>{67DA6AB6-F800-4c08-8B7A-83BB121AAD01}</UniqueIdentifier>
      <Extensions>rc;ico;cur;bmp;dlg;rc2;rct;bin;rgs;gif;jpg;jpeg;jpe;resx;tiff;tif;png;wav;mfcribbon-ms</Extensions>
    </Filter>
    <Filter Include="Исходные файлы\Lab 1-2">
      <UniqueIdentifier>{637c082a-8de2-46d5-9bdd-3c9c2560dc5f}</UniqueIdentifier>
    </Filter>
    <Filter Include="Исходные файлы\Lab 3-4">
      <UniqueIdentifier>{f2e39477-087f-44f2-81ee-f7e679dc3f48}</UniqueIdentifier>
    </Filter>
    <Filter Include="Исходные файлы\Lab 5">
      <UniqueIdentifier>{255c53b0-4857-46a6-838c-6a3e54dbdf67}</UniqueIdentifier>
    </Filter>
  </ItemGroup>
  <ItemGroup>
    <ClCompile Include="main.cpp">
      <Filter>Исходные файлы</Filter>
    </ClCompile>
    <ClCompile Include="LaunchTask1.cpp">
      <Filter>Исходные файлы\Lab 1-2</Filter>
    </ClCompile>
    <ClCompile Include="LaunchTask2.cpp">
      <Filter>Исходные файлы\Lab 1-2</Filter>
    </ClCompile>
    <ClCompile Include="LaunchTask2Functions.cpp">
      <Filter>Исходные файлы\Lab 1-2</Filter>
    </ClCompile>
    <ClCompile Include="LaunchTask3.cpp">
      <Filter>Исходные файлы\Lab 3-4</Filter>
    </ClCompile>
    <ClCompile Include="LaunchTask4.cpp">
      <Filter>Исходные файлы\Lab 3-4</Filter>
    </ClCompile>
    <ClCompile Include="List.cpp">
      <Filter>Исходные файлы\Lab 3-4</Filter>
    </ClCompile>
    <ClCompile Include="Person.cpp">
      <Filter>Исходные файлы\Lab 3-4</Filter>
    </ClCompile>
    <ClCompile Include="Stack.cpp">
      <Filter>Исходные файлы\Lab 3-4</Filter>
    </ClCompile>
    <ClCompile Include="String.cpp">
      <Filter>Исходные файлы\Lab 3-4</Filter>
    </ClCompile>
    <ClCompile Include="Child.cpp">
      <Filter>Исходные файлы</Filter>
    </ClCompile>
    <ClCompile Include="ClassPerson.cpp">
      <Filter>Исходные файлы\Lab 5</Filter>
    </ClCompile>
    <ClCompile Include="LaunchTask5.cpp">
      <Filter>Исходные файлы\Lab 5</Filter>
    </ClCompile>
    <ClCompile Include="PersonList.cpp">
      <Filter>Исходные файлы\Lab 5</Filter>
    </ClCompile>
    <ClCompile Include="LaunchTask6.cpp">
      <Filter>Исходные файлы</Filter>
    </ClCompile>
    <ClCompile Include="AbstractPerson.cpp">
      <Filter>Исходные файлы</Filter>
    </ClCompile>
    <ClCompile Include="Adult.cpp">
      <Filter>Исходные файлы</Filter>
    </ClCompile>
  </ItemGroup>
  <ItemGroup>
    <ClInclude Include="Labs.h">
      <Filter>Файлы заголовков</Filter>
    </ClInclude>
    <ClInclude Include="LaunchTask1Functions.h">
      <Filter>Исходные файлы\Lab 1-2</Filter>
    </ClInclude>
    <ClInclude Include="LaunchTask2Functions.h">
      <Filter>Исходные файлы\Lab 1-2</Filter>
    </ClInclude>
    <ClInclude Include="List.h">
      <Filter>Исходные файлы\Lab 3-4</Filter>
    </ClInclude>
    <ClInclude Include="Person.h">
      <Filter>Исходные файлы\Lab 3-4</Filter>
    </ClInclude>
    <ClInclude Include="Stack.h">
      <Filter>Исходные файлы\Lab 3-4</Filter>
    </ClInclude>
    <ClInclude Include="String.h">
      <Filter>Исходные файлы\Lab 3-4</Filter>
    </ClInclude>
    <ClInclude Include="Child.h">
      <Filter>Файлы заголовков</Filter>
    </ClInclude>
    <ClInclude Include="ClassPerson.h">
      <Filter>Исходные файлы\Lab 5</Filter>
    </ClInclude>
    <ClInclude Include="PersonList.h">
      <Filter>Исходные файлы\Lab 5</Filter>
    </ClInclude>
    <ClInclude Include="AbstractPerson.h">
      <Filter>Файлы заголовков</Filter>
    </ClInclude>
    <ClInclude Include="Adult.h">
      <Filter>Файлы заголовков</Filter>
    </ClInclude>
  </ItemGroup>
</Project>