<?xml version="1.0" encoding="utf-8"?>
<Project ToolsVersion="4.0" xmlns="http://schemas.microsoft.com/developer/msbuild/2003">
  <ItemGroup>
    <Filter Include="Исходные файлы">
      <UniqueIdentifier>{4FC737F1-C7A5-4376-A066-2A32D752A2FF}</UniqueIdentifier>
      <Extensions>cpp;c;cc;cxx;def;odl;idl;hpj;bat;asm;asmx</Extensions>
    </Filter>
    <Filter Include="Файлы заголовков">
      <UniqueIdentifier>{93995380-89BD-4b04-88EB-625FBE52EBFB}</UniqueIdentifier>
      <Extensions>h;hh;hpp;hxx;hm;inl;inc;xsd</Extensions>
    </Filter>
    <Filter Include="Файлы ресурсов">
      <UniqueIdentifier>{67DA6AB6-F800-4c08-8B7A-83BB121AAD01}</UniqueIdentifier>
      <Extensions>rc;ico;cur;bmp;dlg;rc2;rct;bin;rgs;gif;jpg;jpeg;jpe;resx;tiff;tif;png;wav;mfcribbon-ms</Extensions>
    </Filter>
    <Filter Include="Исходные файлы\Person">
      <UniqueIdentifier>{ac213a62-50b6-4ad7-816e-208062ffe15e}</UniqueIdentifier>
    </Filter>
    <Filter Include="Исходные файлы\List">
      <UniqueIdentifier>{3d2d160f-28b8-4627-8e21-b83c7a837119}</UniqueIdentifier>
    </Filter>
    <Filter Include="Исходные файлы\Demo">
      <UniqueIdentifier>{cf10cde0-687b-47a6-b63c-f98893d21d73}</UniqueIdentifier>
    </Filter>
    <Filter Include="Файлы заголовков\List">
      <UniqueIdentifier>{46e1cc77-2260-4d2d-86cd-0830cdcf54d2}</UniqueIdentifier>
    </Filter>
    <Filter Include="Файлы заголовков\Person">
      <UniqueIdentifier>{3beaef04-934f-48c3-ac27-435c6d59286c}</UniqueIdentifier>
    </Filter>
  </ItemGroup>
  <ItemGroup>
    <ClCompile Include="main.cpp">
      <Filter>Исходные файлы</Filter>
    </ClCompile>
    <ClCompile Include="Adult.cpp">
      <Filter>Исходные файлы\Person</Filter>
    </ClCompile>
    <ClCompile Include="BasePerson.cpp">
      <Filter>Исходные файлы\Person</Filter>
    </ClCompile>
    <ClCompile Include="Child.cpp">
      <Filter>Исходные файлы\Person</Filter>
    </ClCompile>
    <ClCompile Include="LaunchTask6.cpp">
      <Filter>Исходные файлы\Demo</Filter>
    </ClCompile>
    <ClCompile Include="LaunchTask7.cpp">
      <Filter>Исходные файлы\Demo</Filter>
    </ClCompile>
    <ClCompile Include="PersonList.cpp">
      <Filter>Исходные файлы\List</Filter>
    </ClCompile>
  </ItemGroup>
  <ItemGroup>
    <ClInclude Include="Labs.h">
      <Filter>Файлы заголовков</Filter>
    </ClInclude>
    <ClInclude Include="List.h">
      <Filter>Файлы заголовков\List</Filter>
    </ClInclude>
    <ClInclude Include="Adult.h">
      <Filter>Файлы заголовков\Person</Filter>
    </ClInclude>
    <ClInclude Include="BasePerson.h">
      <Filter>Файлы заголовков\Person</Filter>
    </ClInclude>
    <ClInclude Include="Child.h">
      <Filter>Файлы заголовков\Person</Filter>
    </ClInclude>
    <ClInclude Include="PersonList.h">
      <Filter>Файлы заголовков\List</Filter>
    </ClInclude>
  </ItemGroup>
</Project>